# This file is automatically @generated by Poetry 2.2.1 and should not be changed by hand.

[[package]]
name = "colorama"
version = "0.4.6"
description = "Cross-platform colored terminal text."
optional = false
python-versions = "!=3.0.*,!=3.1.*,!=3.2.*,!=3.3.*,!=3.4.*,!=3.5.*,!=3.6.*,>=2.7"
groups = ["dev"]
markers = "sys_platform == \"win32\""
files = [
    {file = "colorama-0.4.6-py2.py3-none-any.whl", hash = "sha256:4f1d9991f5acc0ca119f9d443620b77f9d6b33703e51011c16baf57afb285fc6"},
    {file = "colorama-0.4.6.tar.gz", hash = "sha256:08695f5cb7ed6e0531a20572697297273c47b8cae5a63ffc6d6ed5c201be6e44"},
]

[[package]]
name = "dukpy"
version = "0.6.0"
description = "Simple JavaScript interpreter for Python"
optional = false
python-versions = ">=3.9"
groups = ["main"]
files = [
    {file = "dukpy-0.6.0-cp310-cp310-macosx_10_9_x86_64.whl", hash = "sha256:0c64e3abcac87fe2b44470d41cb039308295551999611a3f6f7b77d259ef145c"},
    {file = "dukpy-0.6.0-cp310-cp310-macosx_11_0_arm64.whl", hash = "sha256:572b08eea3b7d3d9158d5b0f6d6b0a63a98f7a798b22c5cfa44e84a488ecd927"},
    {file = "dukpy-0.6.0-cp310-cp310-manylinux2014_aarch64.manylinux_2_17_aarch64.manylinux_2_28_aarch64.whl", hash = "sha256:b3f267c5b13973cda943f2b779486863abfb7994d6257dc2744c19f7939a267d"},
    {file = "dukpy-0.6.0-cp310-cp310-manylinux2014_x86_64.manylinux_2_17_x86_64.manylinux_2_28_x86_64.whl", hash = "sha256:0b61dbacdd09738a705627535496ad75715d85f613a9da86898d3959714eafb7"},
    {file = "dukpy-0.6.0-cp310-cp310-musllinux_1_2_aarch64.whl", hash = "sha256:2be8a03e69700f2be448f64c34a612277e00a2b879bf794b41dec844289c1b58"},
    {file = "dukpy-0.6.0-cp310-cp310-musllinux_1_2_x86_64.whl", hash = "sha256:87cf89a9664c9229dc03051fe644095e9b24bfd8c349bc07ce9ea59cad11be93"},
    {file = "dukpy-0.6.0-cp310-cp310-win32.whl", hash = "sha256:c8cbf4c75ec731424ca7cb7d4abb3fa65321d2e9c83d4dcc6a7262b53d35fa6b"},
    {file = "dukpy-0.6.0-cp310-cp310-win_amd64.whl", hash = "sha256:91efcfa983f6dfa401826a2952050d4b38a5598d4dbdffbafd22aaa9cb42deea"},
    {file = "dukpy-0.6.0-cp311-cp311-macosx_10_9_x86_64.whl", hash = "sha256:96211505170ac93159c06829464d3a97b8d76353250f6434e8aed5f126e788cc"},
    {file = "dukpy-0.6.0-cp311-cp311-macosx_11_0_arm64.whl", hash = "sha256:c29ada7805ebddb428dcf9416afc58a17f13e79065a73b5d96853184209b0b46"},
    {file = "dukpy-0.6.0-cp311-cp311-manylinux2014_aarch64.manylinux_2_17_aarch64.manylinux_2_28_aarch64.whl", hash = "sha256:ec5f17fb491a3a780a38bd8e43868f16b2d8c453e13caed3b2d9c34826734b0b"},
    {file = "dukpy-0.6.0-cp311-cp311-manylinux2014_x86_64.manylinux_2_17_x86_64.manylinux_2_28_x86_64.whl", hash = "sha256:a79f127cec8b9b8e3cb858be38533866f99687372788430580ad34fff0ba7084"},
    {file = "dukpy-0.6.0-cp311-cp311-musllinux_1_2_aarch64.whl", hash = "sha256:d7766baaa648abc53a56b128b31716273477b0176c747f55ab479091e8ac2765"},
    {file = "dukpy-0.6.0-cp311-cp311-musllinux_1_2_x86_64.whl", hash = "sha256:d0d9099696c29ead7cd57f7937cdb1c5814e23481e909f93a6f6c224b2adfe6c"},
    {file = "dukpy-0.6.0-cp311-cp311-win32.whl", hash = "sha256:71834cbd60967b2550ea6c748654d061d837a4ab9f053ee0b0e0458730a272b0"},
    {file = "dukpy-0.6.0-cp311-cp311-win_amd64.whl", hash = "sha256:df1e934e2a0cf634d090adbfa12477bd91ecaad56f1b35df079c8ecdcc762135"},
    {file = "dukpy-0.6.0-cp312-cp312-macosx_10_13_x86_64.whl", hash = "sha256:bf41c839e80c2cf460a729eb681216c26a8ba087ee5e961adad8c830acc7182d"},
    {file = "dukpy-0.6.0-cp312-cp312-macosx_11_0_arm64.whl", hash = "sha256:9184105b2fd1cf17d4842611cf8aee88649c4105c58dfe7f8e0d5519034e8e9e"},
    {file = "dukpy-0.6.0-cp312-cp312-manylinux2014_aarch64.manylinux_2_17_aarch64.manylinux_2_28_aarch64.whl", hash = "sha256:eab779d4c36c1d8964b4e8c49966858be63bf0daaac4f25469ee1ab7b2fbc592"},
    {file = "dukpy-0.6.0-cp312-cp312-manylinux2014_x86_64.manylinux_2_17_x86_64.manylinux_2_28_x86_64.whl", hash = "sha256:e5e82526ec28a24746e52962385787dd881966583aa53354052283a44031867c"},
    {file = "dukpy-0.6.0-cp312-cp312-musllinux_1_2_aarch64.whl", hash = "sha256:336deec2a21ab300a481d935b4f2e2ea74cce42e032d950b32881804036ef5bd"},
    {file = "dukpy-0.6.0-cp312-cp312-musllinux_1_2_x86_64.whl", hash = "sha256:a6346a30bc731a9d9a461bb7d98c3db807f25e4122168d260073b66b560640ff"},
    {file = "dukpy-0.6.0-cp312-cp312-win32.whl", hash = "sha256:25a572c13205a59333ed88f9584e2cd38a73f2b14e773ec1b4e82a2bf527264b"},
    {file = "dukpy-0.6.0-cp312-cp312-win_amd64.whl", hash = "sha256:bfd6f3764e3acf5ddf2e616d7cb5f2f8f1be158dbf6a3f6ae9b34a2bb1e0387a"},
    {file = "dukpy-0.6.0-cp313-cp313-macosx_10_13_x86_64.whl", hash = "sha256:7db183c0b2f20bdba0c490ba922c5555a5f58ec7b7617fd66917a03832cced46"},
    {file = "dukpy-0.6.0-cp313-cp313-macosx_11_0_arm64.whl", hash = "sha256:e6abfb275f6f23cb5a49af64361b0e9936fc2c9f88c9cf3a5e38e114bf19eeb5"},
    {file = "dukpy-0.6.0-cp313-cp313-manylinux2014_aarch64.manylinux_2_17_aarch64.manylinux_2_28_aarch64.whl", hash = "sha256:7ebf8d47d88ff53478d9770476f15eaa74199cd1ac678ca6238354b3a55335f8"},
    {file = "dukpy-0.6.0-cp313-cp313-manylinux2014_x86_64.manylinux_2_17_x86_64.manylinux_2_28_x86_64.whl", hash = "sha256:c0f382ca51e482c8dff46d60911cd878943a48eae9e554fe386ecafb17ad3e8d"},
    {file = "dukpy-0.6.0-cp313-cp313-musllinux_1_2_aarch64.whl", hash = "sha256:9a39a3ece6ea0c07c923db6f36ede986c1570fa50f26c7b3ccc54dd2819709bf"},
    {file = "dukpy-0.6.0-cp313-cp313-musllinux_1_2_x86_64.whl", hash = "sha256:441e6b81f8ec2711bb5f586303a732dbfb2a7667b19934c56f4827e7dde9406e"},
    {file = "dukpy-0.6.0-cp313-cp313-win32.whl", hash = "sha256:2dd5253bbdbf9fa47e703dee3e352d327ccdff7ffc172c50455846a0803f477d"},
    {file = "dukpy-0.6.0-cp313-cp313-win_amd64.whl", hash = "sha256:ca54f57509a02f1ec6db9d986a84e4981b24a72a0b0dd26c19cd47e922a801a6"},
    {file = "dukpy-0.6.0-cp314-cp314-macosx_10_15_x86_64.whl", hash = "sha256:be9c9c84ef882269be137cb5ad6b5f70584a9fc33f6655b6622a67d6b7addf1c"},
    {file = "dukpy-0.6.0-cp314-cp314-macosx_11_0_arm64.whl", hash = "sha256:ef2ce9364b1be70a87d9527a66b8ad20be104f41fb57930a9c56de66f242a79d"},
    {file = "dukpy-0.6.0-cp314-cp314-manylinux2014_aarch64.manylinux_2_17_aarch64.manylinux_2_28_aarch64.whl", hash = "sha256:0607e879ebde50cb651d2fe02d3f952e6afecd446c053fdf96e57ab1fcb7daeb"},
    {file = "dukpy-0.6.0-cp314-cp314-manylinux2014_x86_64.manylinux_2_17_x86_64.manylinux_2_28_x86_64.whl", hash = "sha256:01e7538b99014f3a5ffdd8549d49520c749ba2cad1097473df52ec714419f7b0"},
    {file = "dukpy-0.6.0-cp314-cp314-musllinux_1_2_aarch64.whl", hash = "sha256:a4e942d388af36c3a4bb7e30a8c0c8e24c9405689ff4b06fbc20f1d8e588be48"},
    {file = "dukpy-0.6.0-cp314-cp314-musllinux_1_2_x86_64.whl", hash = "sha256:931ce12545f2547d57a032e38f5f31c79d3ee45719f394af2e0a1c9201d558ca"},
    {file = "dukpy-0.6.0-cp314-cp314-win32.whl", hash = "sha256:1514ea201efa21b013e3cd8bd2f680c517011306a21dde321519122b07c9f534"},
    {file = "dukpy-0.6.0-cp314-cp314-win_amd64.whl", hash = "sha256:1e9fd805c93f40f4ef79559c8ea6582115cac56920aeb344ffa2b05ca532ce82"},
    {file = "dukpy-0.6.0-cp314-cp314t-macosx_10_15_x86_64.whl", hash = "sha256:19b9163080d1559f8981f59949da01586d5d47dd69b8ca4e9311d8436d873d01"},
    {file = "dukpy-0.6.0-cp314-cp314t-macosx_11_0_arm64.whl", hash = "sha256:85a8df0666639d278cf91dceea2082f5c35a0ca266eb8c634db42df16690af7b"},
    {file = "dukpy-0.6.0-cp314-cp314t-manylinux2014_aarch64.manylinux_2_17_aarch64.manylinux_2_28_aarch64.whl", hash = "sha256:e3b71ccf4f35cc31a6eadd690748c86f4efe898a3e1a42457b70432b29fedc93"},
    {file = "dukpy-0.6.0-cp314-cp314t-manylinux2014_x86_64.manylinux_2_17_x86_64.manylinux_2_28_x86_64.whl", hash = "sha256:e57dc7c4b03a3cdd4f3dadd055237a81af1cfb20c4b7ed33cdf1a707ca1e9a45"},
    {file = "dukpy-0.6.0-cp314-cp314t-musllinux_1_2_aarch64.whl", hash = "sha256:435782814e8fcc6ca350af142a5e7ae0a970d7151a5831a5974d4539bf270876"},
    {file = "dukpy-0.6.0-cp314-cp314t-musllinux_1_2_x86_64.whl", hash = "sha256:82181661cc7039996e9dbb7d6ffc6208e8b2758cc9716d466dcde7f9da98ed42"},
    {file = "dukpy-0.6.0-cp314-cp314t-win32.whl", hash = "sha256:82647658b5dfd9fd3f21da943407a85cf725ef68556897ee53b7ae41295898f2"},
    {file = "dukpy-0.6.0-cp314-cp314t-win_amd64.whl", hash = "sha256:3c82b323633c4ab74e4f7458f16816a55512e424a8cde3d38076818f231d2b5e"},
    {file = "dukpy-0.6.0-cp39-cp39-macosx_10_9_x86_64.whl", hash = "sha256:1a724b9f3b5e4389f4b56438e0b23549b84680236a9bc742af0a856f2fccb051"},
    {file = "dukpy-0.6.0-cp39-cp39-macosx_11_0_arm64.whl", hash = "sha256:2e880f3dd1904b25360df16c5fda7716a108dca46f8a26d073ce542fbac2e824"},
    {file = "dukpy-0.6.0-cp39-cp39-manylinux2014_aarch64.manylinux_2_17_aarch64.manylinux_2_28_aarch64.whl", hash = "sha256:90d014e80719d30042a5778586c6057d323a487399729c02c058c466f821a6bc"},
    {file = "dukpy-0.6.0-cp39-cp39-manylinux2014_x86_64.manylinux_2_17_x86_64.manylinux_2_28_x86_64.whl", hash = "sha256:9035ceb6563aaaf5865c6ec1ec713fcd097ba9943ac125ea3a961f6a504f9178"},
    {file = "dukpy-0.6.0-cp39-cp39-musllinux_1_2_aarch64.whl", hash = "sha256:38545add07fbb9f645e55e04f4df3f0055e17dc98f9f236250995ee403283406"},
    {file = "dukpy-0.6.0-cp39-cp39-musllinux_1_2_x86_64.whl", hash = "sha256:8ece572f93e18c54c0d9c8b8d1fd82d6447e8dbc2f9b6e20dd60820d558842e6"},
    {file = "dukpy-0.6.0-cp39-cp39-win32.whl", hash = "sha256:ade8984620abc7c354db3944238d884a33d7699f6b83afe3bc68780b6e24c51a"},
    {file = "dukpy-0.6.0-cp39-cp39-win_amd64.whl", hash = "sha256:c67cb2180b0ef783c9ee7fb43f24442e9bfed3c04e39108edfae52e083c26e8a"},
    {file = "dukpy-0.6.0.tar.gz", hash = "sha256:f8b1d1f75c6a5be9b525dc80f05b6c869a671481be689da146b2c6937b3450ee"},
]

[package.extras]
testing = ["build", "mock", "pytest", "pytest-cov", "webassets"]
webassets = ["webassets"]

[[package]]
name = "iniconfig"
version = "2.3.0"
description = "brain-dead simple config-ini parsing"
optional = false
python-versions = ">=3.10"
groups = ["dev"]
files = [
    {file = "iniconfig-2.3.0-py3-none-any.whl", hash = "sha256:f631c04d2c48c52b84d0d0549c99ff3859c98df65b3101406327ecc7d53fbf12"},
    {file = "iniconfig-2.3.0.tar.gz", hash = "sha256:c76315c77db068650d49c5b56314774a7804df16fee4402c1f19d6d15d8c4730"},
]

[[package]]
name = "numpy"
version = "2.5.2"
description = "Fundamental package for array computing in Python"
optional = false
python-versions = ">=3.12"
groups = ["main"]
files = [
    {file = "numpy-2.5.2-cp312-cp312-macosx_10_13_x86_64.whl", hash = "sha256:14e373cfc6387177e8409dac3c7159be8eb05cd77096cd7c950268b86f62831c"},
    {file = "numpy-2.5.2-cp312-cp312-macosx_11_0_arm64.whl", hash = "sha256:4bbd96c833ecc8cc069ce518078fc8c60cb9cbfb0fea5b7a803ad65035596d03"},
    {file = "numpy-2.5.2-cp312-cp312-macosx_14_0_arm64.whl", hash = "sha256:6e8172ddfcf5cf74b811d372b570b83c60bd2de87a6fbfbebdadb4a9bd9c6cbb"},
    {file = "numpy-2.5.2-cp312-cp312-macosx_14_0_x86_64.whl", hash = "sha256:65f188481f1669e26f62b701e8205d19e460fa4a9b52a1414ba382330e4a3414"},
    {file = "numpy-2.5.2-cp312-cp312-manylinux_2_27_aarch64.manylinux_2_28_aarch64.whl", hash = "sha256:8ee9c4eeb8454b3660a8b53493563c3e121c2fc94fbd72b848ef814ed7b676a9"},
    {file = "numpy-2.5.2-cp312-cp312-manylinux_2_27_x86_64.manylinux_2_28_x86_64.whl", hash = "sha256:3cdec01fa790a186d430433fdd4d4ffb70eed6f0eeb4bf05c8dbe2dce0a9bcb8"},
    {file = "numpy-2.5.2-cp312-cp312-musllinux_1_2_aarch64.whl", hash = "sha256:7999d4ddb0c4025018373fd787510d46e04c769467af22869707b3c1cfd459ab"},
    {file = "numpy-2.5.2-cp312-cp312-musllinux_1_2_x86_64.whl", hash = "sha256:c1f017dc0875c9209d219f97feceb7d54c2661bb243deb4114478e1295808af7"},
    {file = "numpy-2.5.2-cp312-cp312-win32.whl", hash = "sha256:d6a48072864e3324e194a8fbb3c657bcc5b5c869dbc64c9537b1d5c862572c0a"},
    {file = "numpy-2.5.2-cp312-cp312-win_amd64.whl", hash = "sha256:28ac63476ec7651484215ee7fa15a1f78b57c14621f01e392afe17b9a1390ce4"},
    {file = "numpy-2.5.2-cp312-cp312-win_arm64.whl", hash = "sha256:27650bb0e7140fa3d37b9923b4803645e0b125d190f326eecfd3f4dad8e8ade1"},
    {file = "numpy-2.5.2-cp313-cp313-macosx_10_13_x86_64.whl", hash = "sha256:8e4cb9a754c8a0c62eaa88273a5fba3391f4a610d1dee893c0755da31c083f15"},
    {file = "numpy-2.5.2-cp313-cp313-macosx_11_0_arm64.whl", hash = "sha256:52c808f96484f5571a5cc863775ce50247c17dfb3b0361f8ed6b4b0456f80080"},
    {file = "numpy-2.5.2-cp313-cp313-macosx_14_0_arm64.whl", hash = "sha256:29d81e97f668489cba8ebfd796b9bdd453525d35dd9e162e2daec94bf3fc7740"},
    {file = "numpy-2.5.2-cp313-cp313-macosx_14_0_x86_64.whl", hash = "sha256:afb3f0632d6b2e3ba04dbce8d1e48d321b369138b73830b5ca371a0e8d479d56"},
    {file = "numpy-2.5.2-cp313-cp313-manylinux_2_27_aarch64.manylinux_2_28_aarch64.whl", hash = "sha256:0aadf13b60048d501e05fa699efaf7734e2494f3498a4c2a5521d822640324f3"},
    {file = "numpy-2.5.2-cp313-cp313-manylinux_2_27_x86_64.manylinux_2_28_x86_64.whl", hash = "sha256:29b86ff8a6cc556b47ec6b64b194815cc80e6bf5eedcc6cddfd65318cb0b4eee"},
    {file = "numpy-2.5.2-cp313-cp313-musllinux_1_2_aarch64.whl", hash = "sha256:6950c4b7dd562453090548ba7f5da7e59f57f85663f15d5dcc60e249192f7e59"},
    {file = "numpy-2.5.2-cp313-cp313-musllinux_1_2_x86_64.whl", hash = "sha256:b9727f472d2f3888053b8a75ab0cb94745a9de224bb5846dbadc0092101bc71d"},
    {file = "numpy-2.5.2-cp313-cp313-win32.whl", hash = "sha256:4f9744f9fbdcea0bc552e8f19e1f141f811a3f9bc2be2cc6e86d982cab23e3f4"},
    {file = "numpy-2.5.2-cp313-cp313-win_amd64.whl", hash = "sha256:85aaccb24182c25df891ad0ec333585967e115269d5f1b17f2c9ae005bc96657"},
    {file = "numpy-2.5.2-cp313-cp313-win_arm64.whl", hash = "sha256:bd68ece1553d2023c09a4226d9e41c586ad2d20594d1a456186c33513d2cb3f2"},
    {file = "numpy-2.5.2-cp314-cp314-macosx_10_15_x86_64.whl", hash = "sha256:d787cf769c3baeb5f6235e778edb52c08dfa923789b5958f28e6450f96107cb1"},
    {file = "numpy-2.5.2-cp314-cp314-macosx_11_0_arm64.whl", hash = "sha256:24b9dc2e3d84aa58523798805194e23e736f3f6ce2d1a5b92583ae734e6dbda8"},
    {file = "numpy-2.5.2-cp314-cp314-macosx_14_0_arm64.whl", hash = "sha256:9e9413326d726c2545bfa65d2c0876871e8d8386e77f992c1d426e180bbd4323"},
    {file = "numpy-2.5.2-cp314-cp314-macosx_14_0_x86_64.whl", hash = "sha256:60e902ac295855348a5ca2ea4c89108989a9f5fddfad3dfc0a8f36b10358567e"},
    {file = "numpy-2.5.2-cp314-cp314-manylinux_2_27_aarch64.manylinux_2_28_aarch64.whl", hash = "sha256:50e500dc868e9313530ce12ba470fe50ff3afe3d62993ed6eff652dacd555b65"},
    {file = "numpy-2.5.2-cp314-cp314-manylinux_2_27_x86_64.manylinux_2_28_x86_64.whl", hash = "sha256:318b9a4c845dbea06708a29c84ee429cc3065048db34cdb799047643492050ee"},
    {file = "numpy-2.5.2-cp314-cp314-musllinux_1_2_aarch64.whl", hash = "sha256:34c319e2963be042673fb46570501b2f06c41924e17e3563d58646b4380dfb68"},
    {file = "numpy-2.5.2-cp314-cp314-musllinux_1_2_x86_64.whl", hash = "sha256:f06571a052127dc1b4e8b83029b4d1b20daa2b64a31cdd181fc6bc774e9000eb"},
    {file = "numpy-2.5.2-cp314-cp314-win32.whl", hash = "sha256:2cc779226e476d1e1f08c74068c419e60f41a9e0e069c92f6671d31d5c985e98"},
    {file = "numpy-2.5.2-cp314-cp314-win_amd64.whl", hash = "sha256:7587f53dfbd5edc0f7b87c6217b4c6d2d1f2ef9c3da70bc1315e7db5f8d7ec9d"},
    {file = "numpy-2.5.2-cp314-cp314-win_arm64.whl", hash = "sha256:3e4c367352d3747784248a227fbec218e193b56f7e6692e3b64fc805478ecfdf"},
    {file = "numpy-2.5.2-cp314-cp314t-macosx_11_0_arm64.whl", hash = "sha256:b879fb674276e331513fb136b78dbc6bd3c848309e0d841cfd63be3896c4cfc1"},
    {file = "numpy-2.5.2-cp314-cp314t-macosx_14_0_arm64.whl", hash = "sha256:fd0d703772bba096843785bd38371e31bb4a0c1151497ad5739d182114a73f7f"},
    {file = "numpy-2.5.2-cp314-cp314t-macosx_14_0_x86_64.whl", hash = "sha256:3a2f061cebd9e3d23bdcfaaded5e2293a4c6a5b60fa42df85d410a725ce621bf"},
    {file = "numpy-2.5.2-cp314-cp314t-manylinux_2_27_aarch64.manylinux_2_28_aarch64.whl", hash = "sha256:6df895598c0edcb41030126c89e0f353b07d93238116143b7405e937359736c4"},
    {file = "numpy-2.5.2-cp314-cp314t-manylinux_2_27_x86_64.manylinux_2_28_x86_64.whl", hash = "sha256:1ab3d4a901f844ea836c3e80bf463c6a27d7f3c14e8e292fcf28d348b25b9bce"},
    {file = "numpy-2.5.2-cp314-cp314t-musllinux_1_2_aarch64.whl", hash = "sha256:cebc2d6dbb605a7703d59751dea4bd6b0ab127a5a4338a6f432df1936fef8b26"},
    {file = "numpy-2.5.2-cp314-cp314t-musllinux_1_2_x86_64.whl", hash = "sha256:eaca7ff36f0f52e2111ec71f169d8fd3e889e7ddc0d2592e0d703fd8d3ce8fac"},
    {file = "numpy-2.5.2-cp314-cp314t-win32.whl", hash = "sha256:ddf47472af2e4280d79bac82304f5e80150211f1b9e614b760061d5fdfbb6eba"},
    {file = "numpy-2.5.2-cp314-cp314t-win_amd64.whl", hash = "sha256:44ef9675d908e65f9953063837c3277730f3f4437615a4cdab67b366cabaf884"},
    {file = "numpy-2.5.2-cp314-cp314t-win_arm64.whl", hash = "sha256:eaa088384c46f519dacb93b7ec483a6d6b19a4a2085ae4f25ab9b1c43d387d1e"},
    {file = "numpy-2.5.2-cp315-cp315-macosx_10_15_x86_64.whl", hash = "sha256:078f9b027b478c9379b9677babbf0f8b8f1ecfada27636d7b9a93990c638739f"},
    {file = "numpy-2.5.2-cp315-cp315-macosx_11_0_arm64.whl", hash = "sha256:50a68f4bacd8a2b33d8da3d2269d0d78500f86ea582e4786dc10f5ef2c2c6842"},
    {file = "numpy-2.5.2-cp315-cp315-macosx_14_0_arm64.whl", hash = "sha256:e79aba74ffaf5f78a050d777c184cddf8fdffabab38acf5f3ef1fecbc17895d6"},
    {file = "numpy-2.5.2-cp315-cp315-macosx_14_0_x86_64.whl", hash = "sha256:9a0731745a72a184490a582fb4af2533512bd071ace67785b5fdffc0ae58dce8"},
    {file = "numpy-2.5.2-cp315-cp315-manylinux_2_27_aarch64.manylinux_2_28_aarch64.whl", hash = "sha256:4ec954036759bcee3aa484f8603bd9c14f3e776293b85578b8734c2d72777c69"},
    {file = "numpy-2.5.2-cp315-cp315-manylinux_2_27_x86_64.manylinux_2_28_x86_64.whl", hash = "sha256:dc649493697006bc90614a5f0bbc8cb3cb1866715c474e473694968d7e6b99ab"},
    {file = "numpy-2.5.2-cp315-cp315-musllinux_1_2_aarch64.whl", hash = "sha256:cf7de32f486e4ac9e2d93b810f9e9ac72a728dd46a32a0bb403222f27f653514"},
    {file = "numpy-2.5.2-cp315-cp315-musllinux_1_2_x86_64.whl", hash = "sha256:2ffa7bacab3e2ee1b19ed31766bb60bb380b68c23f051e199c5cc598afd68710"},
    {file = "numpy-2.5.2-cp315-cp315-win32.whl", hash = "sha256:6b588cc8f902d6bff201c19fd00c43ab8545671e3554d014e12e14139e5e8617"},
    {file = "numpy-2.5.2-cp315-cp315-win_amd64.whl", hash = "sha256:07d4e89f3a9ab0a9ba24264ccdb642b3dd951b2281e8883a5481a4aa79cc31a7"},
    {file = "numpy-2.5.2-cp315-cp315-win_arm64.whl", hash = "sha256:a610dc7e3c52edd39c2bc2375ff9c3fd59cb3ad00e4472d36f83bc1457145788"},
    {file = "numpy-2.5.2-cp315-cp315t-macosx_10_15_x86_64.whl", hash = "sha256:40f4d451aed46a8046a1aae41c4e55fb3612273df9c502480135e1501576a34b"},
    {file = "numpy-2.5.2-cp315-cp315t-macosx_11_0_arm64.whl", hash = "sha256:c081cbe16ba1ab53078e5ff29013621e33c509eedab055775d956427712c236e"},
    {file = "numpy-2.5.2-cp315-cp315t-macosx_14_0_arm64.whl", hash = "sha256:0090ccdd57ec2703e9b49d0bf554767370581c1dd0a6b2bb2b2d9def317d042a"},
    {file = "numpy-2.5.2-cp315-cp315t-macosx_14_0_x86_64.whl", hash = "sha256:6a9bb119fb8dd21ba30b3f0e555b7e2b081bd9883af21ec9c1c633d161cda3a8"},
    {file = "numpy-2.5.2-cp315-cp315t-manylinux_2_27_aarch64.manylinux_2_28_aarch64.whl", hash = "sha256:a839318485284a6fb31be4f8f2c91c8f2cb22f4543c4a8903f12b0671ffe07cc"},
    {file = "numpy-2.5.2-cp315-cp315t-manylinux_2_27_x86_64.manylinux_2_28_x86_64.whl", hash = "sha256:ba0a474801b8dc67b66bf465548abc90e82b44d2611b5770f33008dcabffe8ec"},
    {file = "numpy-2.5.2-cp315-cp315t-musllinux_1_2_aarch64.whl", hash = "sha256:0a4035ae1129ff8777f08bfbd44f1e5d8e9c049ce0c2dd78fc0d92c13e7251c0"},
    {file = "numpy-2.5.2-cp315-cp315t-musllinux_1_2_x86_64.whl", hash = "sha256:77843ca236b777e67f8d6b3660ea116e499612703a0ecd7093f316201eb9d8e2"},
    {file = "numpy-2.5.2-cp315-cp315t-win32.whl", hash = "sha256:7354826bc6f8f69402e9b7fe28d15fcd34feebd74f856f111585c5b0c9fb0251"},
    {file = "numpy-2.5.2-cp315-cp315t-win_amd64.whl", hash = "sha256:e5651f3f87add730ee6608d915009e19c911fba0cb000c7e3ea994b7d768eb12"},
    {file = "numpy-2.5.2-cp315-cp315t-win_arm64.whl", hash = "sha256:5f8e00be2ec6f45f4e8a41a527f68d44a7d96fee92a650e4d8b1326f77f61e6e"},
    {file = "numpy-2.5.2.tar.gz", hash = "sha256:d482d171c406ae88c5b19cad3b6a1c4c5209f886ab74bc44c2c865c23f52d860"},
]

[[package]]
name = "packaging"
version = "25.0"
description = "Core utilities for Python packages"
optional = false
python-versions = ">=3.8"
groups = ["dev"]
files = [
    {file = "packaging-25.0-py3-none-any.whl", hash = "sha256:29572ef2b1f17581046b3a2227d5c611fb25ec70ca1ba8554b24b0e69331a484"},
    {file = "packaging-25.0.tar.gz", hash = "sha256:d443872c98d677bf60f6a1f2f8c1cb748e8fe762d2bf9d3148b5599295b0fc4f"},
]

[[package]]
name = "pluggy"
version = "1.6.0"
description = "plugin and hook calling mechanisms for python"
optional = false
python-versions = ">=3.9"
groups = ["dev"]
files = [
    {file = "pluggy-1.6.0-py3-none-any.whl", hash = "sha256:e920276dd6813095e9377c0bc5566d94c932c33b27a3e3945d8389c374dd4746"},
    {file = "pluggy-1.6.0.tar.gz", hash = "sha256:7dcc130b76258d33b90f61b658791dede3486c3e6bfb003ee5c9bfb396dd22f3"},
]

[package.extras]
dev = ["pre-commit", "tox"]
testing = ["coverage", "pytest", "pytest-benchmark"]

[[package]]
name = "pybind11"
version = "3.1.0"
description = "Seamless operability between C++11 and Python"
optional = false
python-versions = ">=3.9"
groups = ["main"]
files = [
    {file = "pybind11-3.1.0-py3-none-any.whl", hash = "sha256:b8488090f8acffbcb6b5d6a85571a6827a0a2981ffb75e5a0b27b87c4a6b7dd0"},
    {file = "pybind11-3.1.0.tar.gz", hash = "sha256:a1cc06b524ab3edca51f8ad3895f9c4fa20b8b19283173dff4ae781449dc9639"},
]

[package.extras]
global = ["pybind11-global (==3.1.0)"]

[[package]]
name = "pygments"
version = "2.19.2"
description = "Pygments is a syntax highlighting package written in Python."
optional = false
python-versions = ">=3.8"
groups = ["dev"]
files = [
    {file = "pygments-2.19.2-py3-none-any.whl", hash = "sha256:86540386c03d588bb81d44bc3928634ff26449851e99741617ecb9037ee5ec0b"},
    {file = "pygments-2.19.2.tar.gz", hash = "sha256:636cb2477cec7f8952536970bc533bc43743542f70392ae026374600add5b887"},
]

[package.extras]
windows-terminal = ["colorama (>=0.4.6)"]

[[package]]
name = "pyopengl"
version = "3.1.10"
description = "Standard OpenGL bindings for Python"
optional = false
python-versions = "*"
groups = ["main"]
files = [
    {file = "pyopengl-3.1.10-py3-none-any.whl", hash = "sha256:794a943daced39300879e4e47bd94525280685f42dbb5a998d336cfff151d74f"},
    {file = "pyopengl-3.1.10.tar.gz", hash = "sha256:c4a02d6866b54eb119c8e9b3fb04fa835a95ab802dd96607ab4cdb0012df8335"},
]

[[package]]
name = "pysdl2"
version = "0.9.17"
description = "Python SDL2 bindings"
optional = false
python-versions = "*"
groups = ["main"]
files = [
    {file = "PySDL2-0.9.17-py3-none-any.whl", hash = "sha256:fe923dbf5c7b27bbc1eb2bf58abfa793f8f13fd7ae8b27b1bc2de49920bcbd41"},
    {file = "pysdl2-0.9.17.tar.gz", hash = "sha256:48c6ef01a4eb123db5f7e46e1a1b565675755b07e615f3fe20a623c94735b52b"},
]

[[package]]
name = "pysdl2-dll"
version = "2.32.10"
description = "Pre-built SDL2 binaries for PySDL2"
optional = false
python-versions = ">=2.7"
groups = ["main"]
files = [
    {file = "pysdl2_dll-2.32.10-py2.py3-none-macosx_10_11_x86_64.whl", hash = "sha256:cab126a82c2bd2cd79b6cb8da906916884789c9f4f1ae4cf861f26438ce651a4"},
    {file = "pysdl2_dll-2.32.10-py2.py3-none-macosx_11_0_universal2.whl", hash = "sha256:5ccbd89cd2a032f4ac890606dfe5c33874c0e5e909b2e667438ad7d7fc7fcc5d"},
    {file = "pysdl2_dll-2.32.10-py2.py3-none-manylinux2014_i686.whl", hash = "sha256:4fad629105d0f138d084a37dcaf33aa47343ba771d1971c27f5cf68ef5428798"},
    {file = "pysdl2_dll-2.32.10-py2.py3-none-manylinux2014_x86_64.whl", hash = "sha256:12b136c38114ae0f8a85453a879795ba5d61663d98673ba19c36c3008ff00353"},
    {file = "pysdl2_dll-2.32.10-py2.py3-none-manylinux_2_28_aarch64.whl", hash = "sha256:248b1c6c6ba1f43e964f2f9bc723ee4ce39892aca840aee6de25da90c46f685d"},
    {file = "pysdl2_dll-2.32.10-py2.py3-none-manylinux_2_28_x86_64.whl", hash = "sha256:1e6139e3ce832d95d8376b77f4c9288bef34d6b131f844f2a5fcc8873ce8e6da"},
    {file = "pysdl2_dll-2.32.10-py2.py3-none-win32.whl", hash = "sha256:881e2362fbe5c8d7129fa66f690380bbd0240d9d2cb1bc5612856be1e58e9261"},
    {file = "pysdl2_dll-2.32.10-py2.py3-none-win_amd64.whl", hash = "sha256:65eba83d68c33b22aa5eca6c9a8521cff5044435ecd5b49521068df82674de6a"},
    {file = "pysdl2_dll-2.32.10.tar.gz", hash = "sha256:ad83e0e1a0227633495d6b3ec6701ac5a2beac44e6692f52278033bda1313717"},
]

[[package]]
name = "pytest"
version = "9.0.2"
description = "pytest: simple powerful testing with Python"
optional = false
python-versions = ">=3.10"
groups = ["dev"]
files = [
    {file = "pytest-9.0.2-py3-none-any.whl", hash = "sha256:711ffd45bf766d5264d487b917733b453d917afd2b0ad65223959f59089f875b"},
    {file = "pytest-9.0.2.tar.gz", hash = "sha256:75186651a92bd89611d1d9fc20f0b4345fd827c41ccd5c299a868a05d70edf11"},
]

[package.dependencies]
colorama = {version = ">=0.4", markers = "sys_platform == \"win32\""}
iniconfig = ">=1.0.1"
packaging = ">=22"
pluggy = ">=1.5,<2"
pygments = ">=2.7.2"

[package.extras]
dev = ["argcomplete", "attrs (>=19.2)", "hypothesis (>=3.56)", "mock", "requests", "setuptools", "xmlschema"]

[[package]]
name = "skia-python"
version = "144.0.post2"
description = "Skia python binding"
optional = false
python-versions = "*"
groups = ["main"]
files = [
    {file = "skia_python-144.0.post2-cp310-cp310-macosx_11_0_arm64.whl", hash = "sha256:e3b7616bf95d2cafaa189061248c97b19038db2179ab7c47adb38e2f320f7c13"},
    {file = "skia_python-144.0.post2-cp310-cp310-macosx_11_0_x86_64.whl", hash = "sha256:251b55efd8138fdb8611568925ee2a985998da9a53e617b1402178541b083758"},
    {file = "skia_python-144.0.post2-cp310-cp310-manylinux_2_28_aarch64.whl", hash = "sha256:6f00a66ecf432445d83196dcccaca657842b01535476dee919d5e610069a12b2"},
    {file = "skia_python-144.0.post2-cp310-cp310-manylinux_2_28_x86_64.whl", hash = "sha256:6e6678464251d229564a750c0631422a459960092d8e1e0b39eef7850c4ed025"},
    {file = "skia_python-144.0.post2-cp310-cp310-win_amd64.whl", hash = "sha256:6c7368176cee48b6e66985f30ef5a5b514f221fe4e128848c79ec0b75b61d1d9"},
    {file = "skia_python-144.0.post2-cp311-cp311-macosx_11_0_arm64.whl", hash = "sha256:7408129bf595645f5d895ed6459248611c4931f41417c4f487c34728cefcdf34"},
    {file = "skia_python-144.0.post2-cp311-cp311-macosx_11_0_x86_64.whl", hash = "sha256:9aab2147c7160b3c6a367752795a0f53aba9ea7d4361d4406731984915b42208"},
    {file = "skia_python-144.0.post2-cp311-cp311-manylinux_2_28_aarch64.whl", hash = "sha256:f8153c29d0b7900abee770f18534763da925ad792a426404a5cce5f57c8c0d7f"},
    {file = "skia_python-144.0.post2-cp311-cp311-manylinux_2_28_x86_64.whl", hash = "sha256:81b2bfad60346e05fb457acab5af64274368338c2984099dfd386be54d563279"},
    {file = "skia_python-144.0.post2-cp311-cp311-win_amd64.whl", hash = "sha256:e95ab76b3e1859e3dd5402e5ccba1c1a539c5d37a082a3a62e16261a4bebc3f6"},
    {file = "skia_python-144.0.post2-cp311-cp311-win_arm64.whl", hash = "sha256:4e343de1e87d1d28f791243377078fa4e0a40274352fc1b59c8e96c620c92183"},
    {file = "skia_python-144.0.post2-cp312-cp312-macosx_11_0_arm64.whl", hash = "sha256:d8bf9a203448a98324c108bbbfa3a9f94ff8514212ae832a81d2b60a5a7dbbfe"},
    {file = "skia_python-144.0.post2-cp312-cp312-macosx_11_0_x86_64.whl", hash = "sha256:a4df01d2fc7733748f81acf2d0ace313f6b400d92e5e599d7eb2386a205c501c"},
    {file = "skia_python-144.0.post2-cp312-cp312-manylinux_2_28_aarch64.whl", hash = "sha256:2dc7a62b4e7f9e03c77ac7daefaa96184e505038a99a7461499519642a5297fa"},
    {file = "skia_python-144.0.post2-cp312-cp312-manylinux_2_28_x86_64.whl", hash = "sha256:970404599aa6f6dc19e2ae36ab0a0aabdf14410d1e1974f5deabae9fc9c1b193"},
    {file = "skia_python-144.0.post2-cp312-cp312-win_amd64.whl", hash = "sha256:2268d85e19dd22181fb780cfc59bfe1df33c9cad9ba0df4bf15ff8ee8b6430e5"},
    {file = "skia_python-144.0.post2-cp312-cp312-win_arm64.whl", hash = "sha256:b3cd83eab87def5475a46a19c130f595f69877bedc291fcc84db2af562480782"},
    {file = "skia_python-144.0.post2-cp313-cp313-macosx_11_0_arm64.whl", hash = "sha256:ebdaa28e20c5200a974d12d9ad5fa70597512c171431cfb1cec04b3c2ead9db4"},
    {file = "skia_python-144.0.post2-cp313-cp313-macosx_11_0_x86_64.whl", hash = "sha256:9bdcbd8272755a03b2dd85ae7e56cdc0e1f95618a1e985bc8a87ad5ad5be47ce"},
    {file = "skia_python-144.0.post2-cp313-cp313-manylinux_2_28_aarch64.whl", hash = "sha256:559bd25feec895c0af214caf311ffec098004438c668183a9277eab518d08c3f"},
    {file = "skia_python-144.0.post2-cp313-cp313-manylinux_2_28_x86_64.whl", hash = "sha256:0922676ec89fc88b04fe891edf59166b32f905979dbd4489608bc4bd8d7d12d4"},
    {file = "skia_python-144.0.post2-cp313-cp313-win_amd64.whl", hash = "sha256:eb2a31e2eee1f8f8626d20cff7fc4655495b4a05e30e8803454e4f7de4ef89eb"},
    {file = "skia_python-144.0.post2-cp313-cp313-win_arm64.whl", hash = "sha256:146fdd31ff0c030c18b9f17dc8e65a58f8821ed774151ec1499d9f0587d63ca5"},
    {file = "skia_python-144.0.post2-cp314-cp314-macosx_11_0_arm64.whl", hash = "sha256:904020d6e1aa144e0d1cede5e25b5285d01183ab05e714a6143ac64792772c5b"},
    {file = "skia_python-144.0.post2-cp314-cp314-macosx_11_0_x86_64.whl", hash = "sha256:23a736a877d65e4199680ca2a5a58d8df2e0e4362793d8b03a5d90536f39ccf8"},
    {file = "skia_python-144.0.post2-cp314-cp314-manylinux_2_28_aarch64.whl", hash = "sha256:f2520b34106d3d0d275191c8913ab861372b8bced689cedebbee2df2ff49905c"},
    {file = "skia_python-144.0.post2-cp314-cp314-manylinux_2_28_x86_64.whl", hash = "sha256:2d97991ecd1fc22606e7e6aa4ab1f1951c9c9b7409f39da346e1788eabc44d7e"},
    {file = "skia_python-144.0.post2-cp314-cp314-win_amd64.whl", hash = "sha256:44df4ccc65ea8c288a43694ec25cdbd13e18013b48425ff822ad2de09c168a4d"},
    {file = "skia_python-144.0.post2-cp314-cp314-win_arm64.whl", hash = "sha256:de848e3f384a70251b02fad5a31f64c9ef72866d0cbd3728ef97aa355ee01a1d"},
    {file = "skia_python-144.0.post2-cp314-cp314t-macosx_11_0_arm64.whl", hash = "sha256:c24a6b67c912ca49582bf66d73e325ec0a4085e70e4c659c72146fa1d3be48be"},
    {file = "skia_python-144.0.post2-cp314-cp314t-macosx_11_0_x86_64.whl", hash = "sha256:08523720c5bd3b36ba0e36dee14f4a7911c23256a527ad3b73e1521813bc649d"},
    {file = "skia_python-144.0.post2-cp314-cp314t-manylinux_2_28_aarch64.whl", hash = "sha256:76281944d4db84b9e9968224462ccc5714810d3e29e5555486c73be515408602"},
    {file = "skia_python-144.0.post2-cp314-cp314t-manylinux_2_28_x86_64.whl", hash = "sha256:416cf18cfba129967cc21aeb7eaa934c413e5dc977f753e5e1ffa27546d21e14"},
    {file = "skia_python-144.0.post2-cp314-cp314t-win_amd64.whl", hash = "sha256:df7fc6d3b713debf8b099d7a1e9888d855ea898f9f02bac3bf0ed73c0a184473"},
    {file = "skia_python-144.0.post2-cp314-cp314t-win_arm64.whl", hash = "sha256:214644901fa5ad77edd82ca3b2c4fb6106196d0e323d5cae982cc5fe0a05b6a6"},
    {file = "skia_python-144.0.post2-cp38-cp38-macosx_11_0_arm64.whl", hash = "sha256:158b118f9c7e57d3271989769f67a66f26a65b230f79062b1e946bea5cac84eb"},
    {file = "skia_python-144.0.post2-cp38-cp38-macosx_11_0_x86_64.whl", hash = "sha256:ef8ad33d03f94e00e62a2634e85f264da2ee13ad8ad212257e2bf475c811f1b6"},
    {file = "skia_python-144.0.post2-cp38-cp38-manylinux_2_28_aarch64.whl", hash = "sha256:29cfd15a7f133a2b0880d70d52fd6b04587dc6785021e06b92fdca4e41ef659c"},
    {file = "skia_python-144.0.post2-cp38-cp38-manylinux_2_28_x86_64.whl", hash = "sha256:a4989f3e62cfd0c86f4d14e4dd90e2c79b949067244ba00f9d3538d655c76a58"},
    {file = "skia_python-144.0.post2-cp38-cp38-win_amd64.whl", hash = "sha256:2efdc0ee410f987604b041423d0b11a374665876331e501e4bad66b32480f2fe"},
    {file = "skia_python-144.0.post2-cp39-cp39-macosx_11_0_arm64.whl", hash = "sha256:051aecc448e6bc7c5311afa11162a83f6d783342bb4aed1ed43289ee6bbfce02"},
    {file = "skia_python-144.0.post2-cp39-cp39-macosx_11_0_x86_64.whl", hash = "sha256:5edddc87861165a5e6ce9e2289d4cf60d874139290703bba074bc3a4c9ed4e9d"},
    {file = "skia_python-144.0.post2-cp39-cp39-manylinux_2_28_aarch64.whl", hash = "sha256:dbc4df41729fed58d898d840a830989bc39890bebf9ceef738f584a8a854c1eb"},
    {file = "skia_python-144.0.post2-cp39-cp39-manylinux_2_28_x86_64.whl", hash = "sha256:4e9b7ff6ea53d4879da2e59bf0b7205c93e8bbd714b2055054dc6ac7698ece61"},
    {file = "skia_python-144.0.post2-cp39-cp39-win_amd64.whl", hash = "sha256:6ff782a4b6aaaeb68e56fb07c1253710057c32d9f0e16111d59263d875713b97"},
]

[package.dependencies]
numpy = "*"
pybind11 = ">=2.6"

[metadata]
lock-version = "2.1"
python-versions = ">=3.13,<4.0"
content-hash = "2eb098740753797fd9a56ce515d5666be69e65e318158172af7bfd831ff89c68"
